
Microsoft Visual Studio Solution File, Format Version 12.00
# Visual Studio 15
VisualStudioVersion = 15.0.26124.0
MinimumVisualStudioVersion = 15.0.26124.0
Project("{2150E333-8FDC-42A3-9474-1A3956D46DE8}") = "Framework", "Framework", "{BDD5A506-1081-46AE-9A41-6934E8AD9F58}"
EndProject
Project("{9A19103F-16F7-4668-BE54-9A1E7A4F7556}") = "Framework.Model", "Framework\Framework.Model\Framework.Model.csproj", "{67F9DF8F-2E1D-4C2D-929B-141406FA32D5}"
EndProject
Project("{9A19103F-16F7-4668-BE54-9A1E7A4F7556}") = "Framework.Data.Ef", "Framework\Framework.Data.Ef\Framework.Data.Ef.csproj", "{446A55F4-DDE3-4C63-ACAB-75663704ECAE}"
EndProject
Project("{9A19103F-16F7-4668-BE54-9A1E7A4F7556}") = "Framework.Services.Contracts", "Framework\Framework.Services.Contracts\Framework.Services.Contracts.csproj", "{652200E8-1F59-44A9-BED7-CBA3E1ED5DA2}"
EndProject
Project("{9A19103F-16F7-4668-BE54-9A1E7A4F7556}") = "Framework.Common", "Framework\Framework.Common\Framework.Common.csproj", "{EB58EF2C-DFD7-4A73-B5A4-A5E4F2C6D296}"
EndProject
Project("{9A19103F-16F7-4668-BE54-9A1E7A4F7556}") = "Framework.Services.Core", "Framework\Framework.Services.Core\Framework.Services.Core.csproj", "{8752FD80-6B3A-46B7-90F3-2672F73ECF29}"
EndProject
Project("{2150E333-8FDC-42A3-9474-1A3956D46DE8}") = "Microsoft", "Microsoft", "{A00A0E1C-4E3E-4F1B-BBC3-A72EC7350F68}"
EndProject
Project("{9A19103F-16F7-4668-BE54-9A1E7A4F7556}") = "Microsoft.Extensions.HealthChecks", "Microsoft\Microsoft.Extensions.HealthChecks\Microsoft.Extensions.HealthChecks.csproj", "{5CB0197B-D482-42AB-9BB5-370D09F040BC}"
EndProject
Project("{9A19103F-16F7-4668-BE54-9A1E7A4F7556}") = "Microsoft.AspNetCore.HealthChecks", "Microsoft\Microsoft.AspNetCore.HealthChecks\Microsoft.AspNetCore.HealthChecks.csproj", "{C95F836D-A8B0-4925-9031-29E7E3C0C8F0}"
EndProject
Project("{9A19103F-16F7-4668-BE54-9A1E7A4F7556}") = "Microsoft.Extensions.HealthChecks.SqlServer", "Microsoft\Microsoft.Extensions.HealthChecks.SqlServer\Microsoft.Extensions.HealthChecks.SqlServer.csproj", "{B75E282A-7769-47C4-BF8B-30BCDE0771CE}"
EndProject
Project("{9A19103F-16F7-4668-BE54-9A1E7A4F7556}") = "SampleApi", "SampleApi\SampleApi\SampleApi.csproj", "{3F4142A0-2324-4DC8-AEA9-0BF4595BAE4C}"
EndProject
Project("{9A19103F-16F7-4668-BE54-9A1E7A4F7556}") = "Identity.Server", "Identity\Identity.Server\Identity.Server.csproj", "{F0CB25F6-BA9A-4455-8EC6-4A0FB3772894}"
EndProject
Project("{2150E333-8FDC-42A3-9474-1A3956D46DE8}") = "Identity", "Identity", "{A8F6BC16-6255-4824-B76B-7F2B519265CD}"
EndProject
Project("{9A19103F-16F7-4668-BE54-9A1E7A4F7556}") = "Framework.Api", "Framework\Framework.Api\Framework.Api.csproj", "{3F7EC456-61B8-47F2-BF0D-34B1F0262F0C}"
EndProject
Project("{2150E333-8FDC-42A3-9474-1A3956D46DE8}") = "Blog", "Blog", "{047ED8CB-CDFE-4D6D-8507-AE24A1193D23}"
EndProject
Project("{FAE04EC0-301F-11D3-BF4B-00C04F79EFBC}") = "Blog.Model", "Blog\Blog.Model\Blog.Model.csproj", "{537D8EF5-CD2A-42D4-9145-976BC6ADD010}"
EndProject
Global
	GlobalSection(SolutionConfigurationPlatforms) = preSolution
		Debug|Any CPU = Debug|Any CPU
		Debug|x64 = Debug|x64
		Debug|x86 = Debug|x86
		Release|Any CPU = Release|Any CPU
		Release|x64 = Release|x64
		Release|x86 = Release|x86
	EndGlobalSection
	GlobalSection(ProjectConfigurationPlatforms) = postSolution
		{67F9DF8F-2E1D-4C2D-929B-141406FA32D5}.Debug|Any CPU.ActiveCfg = Debug|Any CPU
		{67F9DF8F-2E1D-4C2D-929B-141406FA32D5}.Debug|Any CPU.Build.0 = Debug|Any CPU
		{67F9DF8F-2E1D-4C2D-929B-141406FA32D5}.Debug|x64.ActiveCfg = Debug|Any CPU
		{67F9DF8F-2E1D-4C2D-929B-141406FA32D5}.Debug|x64.Build.0 = Debug|Any CPU
		{67F9DF8F-2E1D-4C2D-929B-141406FA32D5}.Debug|x86.ActiveCfg = Debug|Any CPU
		{67F9DF8F-2E1D-4C2D-929B-141406FA32D5}.Debug|x86.Build.0 = Debug|Any CPU
		{67F9DF8F-2E1D-4C2D-929B-141406FA32D5}.Release|Any CPU.ActiveCfg = Release|Any CPU
		{67F9DF8F-2E1D-4C2D-929B-141406FA32D5}.Release|Any CPU.Build.0 = Release|Any CPU
		{67F9DF8F-2E1D-4C2D-929B-141406FA32D5}.Release|x64.ActiveCfg = Release|Any CPU
		{67F9DF8F-2E1D-4C2D-929B-141406FA32D5}.Release|x64.Build.0 = Release|Any CPU
		{67F9DF8F-2E1D-4C2D-929B-141406FA32D5}.Release|x86.ActiveCfg = Release|Any CPU
		{67F9DF8F-2E1D-4C2D-929B-141406FA32D5}.Release|x86.Build.0 = Release|Any CPU
		{446A55F4-DDE3-4C63-ACAB-75663704ECAE}.Debug|Any CPU.ActiveCfg = Debug|Any CPU
		{446A55F4-DDE3-4C63-ACAB-75663704ECAE}.Debug|Any CPU.Build.0 = Debug|Any CPU
		{446A55F4-DDE3-4C63-ACAB-75663704ECAE}.Debug|x64.ActiveCfg = Debug|Any CPU
		{446A55F4-DDE3-4C63-ACAB-75663704ECAE}.Debug|x64.Build.0 = Debug|Any CPU
		{446A55F4-DDE3-4C63-ACAB-75663704ECAE}.Debug|x86.ActiveCfg = Debug|Any CPU
		{446A55F4-DDE3-4C63-ACAB-75663704ECAE}.Debug|x86.Build.0 = Debug|Any CPU
		{446A55F4-DDE3-4C63-ACAB-75663704ECAE}.Release|Any CPU.ActiveCfg = Release|Any CPU
		{446A55F4-DDE3-4C63-ACAB-75663704ECAE}.Release|Any CPU.Build.0 = Release|Any CPU
		{446A55F4-DDE3-4C63-ACAB-75663704ECAE}.Release|x64.ActiveCfg = Release|Any CPU
		{446A55F4-DDE3-4C63-ACAB-75663704ECAE}.Release|x64.Build.0 = Release|Any CPU
		{446A55F4-DDE3-4C63-ACAB-75663704ECAE}.Release|x86.ActiveCfg = Release|Any CPU
		{446A55F4-DDE3-4C63-ACAB-75663704ECAE}.Release|x86.Build.0 = Release|Any CPU
		{652200E8-1F59-44A9-BED7-CBA3E1ED5DA2}.Debug|Any CPU.ActiveCfg = Debug|Any CPU
		{652200E8-1F59-44A9-BED7-CBA3E1ED5DA2}.Debug|Any CPU.Build.0 = Debug|Any CPU
		{652200E8-1F59-44A9-BED7-CBA3E1ED5DA2}.Debug|x64.ActiveCfg = Debug|Any CPU
		{652200E8-1F59-44A9-BED7-CBA3E1ED5DA2}.Debug|x64.Build.0 = Debug|Any CPU
		{652200E8-1F59-44A9-BED7-CBA3E1ED5DA2}.Debug|x86.ActiveCfg = Debug|Any CPU
		{652200E8-1F59-44A9-BED7-CBA3E1ED5DA2}.Debug|x86.Build.0 = Debug|Any CPU
		{652200E8-1F59-44A9-BED7-CBA3E1ED5DA2}.Release|Any CPU.ActiveCfg = Release|Any CPU
		{652200E8-1F59-44A9-BED7-CBA3E1ED5DA2}.Release|Any CPU.Build.0 = Release|Any CPU
		{652200E8-1F59-44A9-BED7-CBA3E1ED5DA2}.Release|x64.ActiveCfg = Release|Any CPU
		{652200E8-1F59-44A9-BED7-CBA3E1ED5DA2}.Release|x64.Build.0 = Release|Any CPU
		{652200E8-1F59-44A9-BED7-CBA3E1ED5DA2}.Release|x86.ActiveCfg = Release|Any CPU
		{652200E8-1F59-44A9-BED7-CBA3E1ED5DA2}.Release|x86.Build.0 = Release|Any CPU
		{EB58EF2C-DFD7-4A73-B5A4-A5E4F2C6D296}.Debug|Any CPU.ActiveCfg = Debug|Any CPU
		{EB58EF2C-DFD7-4A73-B5A4-A5E4F2C6D296}.Debug|Any CPU.Build.0 = Debug|Any CPU
		{EB58EF2C-DFD7-4A73-B5A4-A5E4F2C6D296}.Debug|x64.ActiveCfg = Debug|Any CPU
		{EB58EF2C-DFD7-4A73-B5A4-A5E4F2C6D296}.Debug|x64.Build.0 = Debug|Any CPU
		{EB58EF2C-DFD7-4A73-B5A4-A5E4F2C6D296}.Debug|x86.ActiveCfg = Debug|Any CPU
		{EB58EF2C-DFD7-4A73-B5A4-A5E4F2C6D296}.Debug|x86.Build.0 = Debug|Any CPU
		{EB58EF2C-DFD7-4A73-B5A4-A5E4F2C6D296}.Release|Any CPU.ActiveCfg = Release|Any CPU
		{EB58EF2C-DFD7-4A73-B5A4-A5E4F2C6D296}.Release|Any CPU.Build.0 = Release|Any CPU
		{EB58EF2C-DFD7-4A73-B5A4-A5E4F2C6D296}.Release|x64.ActiveCfg = Release|Any CPU
		{EB58EF2C-DFD7-4A73-B5A4-A5E4F2C6D296}.Release|x64.Build.0 = Release|Any CPU
		{EB58EF2C-DFD7-4A73-B5A4-A5E4F2C6D296}.Release|x86.ActiveCfg = Release|Any CPU
		{EB58EF2C-DFD7-4A73-B5A4-A5E4F2C6D296}.Release|x86.Build.0 = Release|Any CPU
		{8752FD80-6B3A-46B7-90F3-2672F73ECF29}.Debug|Any CPU.ActiveCfg = Debug|Any CPU
		{8752FD80-6B3A-46B7-90F3-2672F73ECF29}.Debug|Any CPU.Build.0 = Debug|Any CPU
		{8752FD80-6B3A-46B7-90F3-2672F73ECF29}.Debug|x64.ActiveCfg = Debug|Any CPU
		{8752FD80-6B3A-46B7-90F3-2672F73ECF29}.Debug|x64.Build.0 = Debug|Any CPU
		{8752FD80-6B3A-46B7-90F3-2672F73ECF29}.Debug|x86.ActiveCfg = Debug|Any CPU
		{8752FD80-6B3A-46B7-90F3-2672F73ECF29}.Debug|x86.Build.0 = Debug|Any CPU
		{8752FD80-6B3A-46B7-90F3-2672F73ECF29}.Release|Any CPU.ActiveCfg = Release|Any CPU
		{8752FD80-6B3A-46B7-90F3-2672F73ECF29}.Release|Any CPU.Build.0 = Release|Any CPU
		{8752FD80-6B3A-46B7-90F3-2672F73ECF29}.Release|x64.ActiveCfg = Release|Any CPU
		{8752FD80-6B3A-46B7-90F3-2672F73ECF29}.Release|x64.Build.0 = Release|Any CPU
		{8752FD80-6B3A-46B7-90F3-2672F73ECF29}.Release|x86.ActiveCfg = Release|Any CPU
		{8752FD80-6B3A-46B7-90F3-2672F73ECF29}.Release|x86.Build.0 = Release|Any CPU
		{5CB0197B-D482-42AB-9BB5-370D09F040BC}.Debug|Any CPU.ActiveCfg = Debug|Any CPU
		{5CB0197B-D482-42AB-9BB5-370D09F040BC}.Debug|Any CPU.Build.0 = Debug|Any CPU
		{5CB0197B-D482-42AB-9BB5-370D09F040BC}.Debug|x64.ActiveCfg = Debug|Any CPU
		{5CB0197B-D482-42AB-9BB5-370D09F040BC}.Debug|x64.Build.0 = Debug|Any CPU
		{5CB0197B-D482-42AB-9BB5-370D09F040BC}.Debug|x86.ActiveCfg = Debug|Any CPU
		{5CB0197B-D482-42AB-9BB5-370D09F040BC}.Debug|x86.Build.0 = Debug|Any CPU
		{5CB0197B-D482-42AB-9BB5-370D09F040BC}.Release|Any CPU.ActiveCfg = Release|Any CPU
		{5CB0197B-D482-42AB-9BB5-370D09F040BC}.Release|Any CPU.Build.0 = Release|Any CPU
		{5CB0197B-D482-42AB-9BB5-370D09F040BC}.Release|x64.ActiveCfg = Release|Any CPU
		{5CB0197B-D482-42AB-9BB5-370D09F040BC}.Release|x64.Build.0 = Release|Any CPU
		{5CB0197B-D482-42AB-9BB5-370D09F040BC}.Release|x86.ActiveCfg = Release|Any CPU
		{5CB0197B-D482-42AB-9BB5-370D09F040BC}.Release|x86.Build.0 = Release|Any CPU
		{C95F836D-A8B0-4925-9031-29E7E3C0C8F0}.Debug|Any CPU.ActiveCfg = Debug|Any CPU
		{C95F836D-A8B0-4925-9031-29E7E3C0C8F0}.Debug|Any CPU.Build.0 = Debug|Any CPU
		{C95F836D-A8B0-4925-9031-29E7E3C0C8F0}.Debug|x64.ActiveCfg = Debug|Any CPU
		{C95F836D-A8B0-4925-9031-29E7E3C0C8F0}.Debug|x64.Build.0 = Debug|Any CPU
		{C95F836D-A8B0-4925-9031-29E7E3C0C8F0}.Debug|x86.ActiveCfg = Debug|Any CPU
		{C95F836D-A8B0-4925-9031-29E7E3C0C8F0}.Debug|x86.Build.0 = Debug|Any CPU
		{C95F836D-A8B0-4925-9031-29E7E3C0C8F0}.Release|Any CPU.ActiveCfg = Release|Any CPU
		{C95F836D-A8B0-4925-9031-29E7E3C0C8F0}.Release|Any CPU.Build.0 = Release|Any CPU
		{C95F836D-A8B0-4925-9031-29E7E3C0C8F0}.Release|x64.ActiveCfg = Release|Any CPU
		{C95F836D-A8B0-4925-9031-29E7E3C0C8F0}.Release|x64.Build.0 = Release|Any CPU
		{C95F836D-A8B0-4925-9031-29E7E3C0C8F0}.Release|x86.ActiveCfg = Release|Any CPU
		{C95F836D-A8B0-4925-9031-29E7E3C0C8F0}.Release|x86.Build.0 = Release|Any CPU
		{B75E282A-7769-47C4-BF8B-30BCDE0771CE}.Debug|Any CPU.ActiveCfg = Debug|Any CPU
		{B75E282A-7769-47C4-BF8B-30BCDE0771CE}.Debug|Any CPU.Build.0 = Debug|Any CPU
		{B75E282A-7769-47C4-BF8B-30BCDE0771CE}.Debug|x64.ActiveCfg = Debug|Any CPU
		{B75E282A-7769-47C4-BF8B-30BCDE0771CE}.Debug|x64.Build.0 = Debug|Any CPU
		{B75E282A-7769-47C4-BF8B-30BCDE0771CE}.Debug|x86.ActiveCfg = Debug|Any CPU
		{B75E282A-7769-47C4-BF8B-30BCDE0771CE}.Debug|x86.Build.0 = Debug|Any CPU
		{B75E282A-7769-47C4-BF8B-30BCDE0771CE}.Release|Any CPU.ActiveCfg = Release|Any CPU
		{B75E282A-7769-47C4-BF8B-30BCDE0771CE}.Release|Any CPU.Build.0 = Release|Any CPU
		{B75E282A-7769-47C4-BF8B-30BCDE0771CE}.Release|x64.ActiveCfg = Release|Any CPU
		{B75E282A-7769-47C4-BF8B-30BCDE0771CE}.Release|x64.Build.0 = Release|Any CPU
		{B75E282A-7769-47C4-BF8B-30BCDE0771CE}.Release|x86.ActiveCfg = Release|Any CPU
		{B75E282A-7769-47C4-BF8B-30BCDE0771CE}.Release|x86.Build.0 = Release|Any CPU
		{3F4142A0-2324-4DC8-AEA9-0BF4595BAE4C}.Debug|Any CPU.ActiveCfg = Debug|Any CPU
		{3F4142A0-2324-4DC8-AEA9-0BF4595BAE4C}.Debug|Any CPU.Build.0 = Debug|Any CPU
		{3F4142A0-2324-4DC8-AEA9-0BF4595BAE4C}.Debug|x64.ActiveCfg = Debug|Any CPU
		{3F4142A0-2324-4DC8-AEA9-0BF4595BAE4C}.Debug|x64.Build.0 = Debug|Any CPU
		{3F4142A0-2324-4DC8-AEA9-0BF4595BAE4C}.Debug|x86.ActiveCfg = Debug|Any CPU
		{3F4142A0-2324-4DC8-AEA9-0BF4595BAE4C}.Debug|x86.Build.0 = Debug|Any CPU
		{3F4142A0-2324-4DC8-AEA9-0BF4595BAE4C}.Release|Any CPU.ActiveCfg = Release|Any CPU
		{3F4142A0-2324-4DC8-AEA9-0BF4595BAE4C}.Release|Any CPU.Build.0 = Release|Any CPU
		{3F4142A0-2324-4DC8-AEA9-0BF4595BAE4C}.Release|x64.ActiveCfg = Release|Any CPU
		{3F4142A0-2324-4DC8-AEA9-0BF4595BAE4C}.Release|x64.Build.0 = Release|Any CPU
		{3F4142A0-2324-4DC8-AEA9-0BF4595BAE4C}.Release|x86.ActiveCfg = Release|Any CPU
		{3F4142A0-2324-4DC8-AEA9-0BF4595BAE4C}.Release|x86.Build.0 = Release|Any CPU
		{F0CB25F6-BA9A-4455-8EC6-4A0FB3772894}.Debug|Any CPU.ActiveCfg = Debug|Any CPU
		{F0CB25F6-BA9A-4455-8EC6-4A0FB3772894}.Debug|Any CPU.Build.0 = Debug|Any CPU
		{F0CB25F6-BA9A-4455-8EC6-4A0FB3772894}.Debug|x64.ActiveCfg = Debug|Any CPU
		{F0CB25F6-BA9A-4455-8EC6-4A0FB3772894}.Debug|x64.Build.0 = Debug|Any CPU
		{F0CB25F6-BA9A-4455-8EC6-4A0FB3772894}.Debug|x86.ActiveCfg = Debug|Any CPU
		{F0CB25F6-BA9A-4455-8EC6-4A0FB3772894}.Debug|x86.Build.0 = Debug|Any CPU
		{F0CB25F6-BA9A-4455-8EC6-4A0FB3772894}.Release|Any CPU.ActiveCfg = Release|Any CPU
		{F0CB25F6-BA9A-4455-8EC6-4A0FB3772894}.Release|Any CPU.Build.0 = Release|Any CPU
		{F0CB25F6-BA9A-4455-8EC6-4A0FB3772894}.Release|x64.ActiveCfg = Release|Any CPU
		{F0CB25F6-BA9A-4455-8EC6-4A0FB3772894}.Release|x64.Build.0 = Release|Any CPU
		{F0CB25F6-BA9A-4455-8EC6-4A0FB3772894}.Release|x86.ActiveCfg = Release|Any CPU
		{F0CB25F6-BA9A-4455-8EC6-4A0FB3772894}.Release|x86.Build.0 = Release|Any CPU
		{3F7EC456-61B8-47F2-BF0D-34B1F0262F0C}.Debug|Any CPU.ActiveCfg = Debug|Any CPU
		{3F7EC456-61B8-47F2-BF0D-34B1F0262F0C}.Debug|Any CPU.Build.0 = Debug|Any CPU
		{3F7EC456-61B8-47F2-BF0D-34B1F0262F0C}.Debug|x64.ActiveCfg = Debug|Any CPU
		{3F7EC456-61B8-47F2-BF0D-34B1F0262F0C}.Debug|x64.Build.0 = Debug|Any CPU
		{3F7EC456-61B8-47F2-BF0D-34B1F0262F0C}.Debug|x86.ActiveCfg = Debug|Any CPU
		{3F7EC456-61B8-47F2-BF0D-34B1F0262F0C}.Debug|x86.Build.0 = Debug|Any CPU
		{3F7EC456-61B8-47F2-BF0D-34B1F0262F0C}.Release|Any CPU.ActiveCfg = Release|Any CPU
		{3F7EC456-61B8-47F2-BF0D-34B1F0262F0C}.Release|Any CPU.Build.0 = Release|Any CPU
		{3F7EC456-61B8-47F2-BF0D-34B1F0262F0C}.Release|x64.ActiveCfg = Release|Any CPU
		{3F7EC456-61B8-47F2-BF0D-34B1F0262F0C}.Release|x64.Build.0 = Release|Any CPU
		{3F7EC456-61B8-47F2-BF0D-34B1F0262F0C}.Release|x86.ActiveCfg = Release|Any CPU
		{3F7EC456-61B8-47F2-BF0D-34B1F0262F0C}.Release|x86.Build.0 = Release|Any CPU
		{537D8EF5-CD2A-42D4-9145-976BC6ADD010}.Debug|Any CPU.ActiveCfg = Debug|Any CPU
		{537D8EF5-CD2A-42D4-9145-976BC6ADD010}.Debug|Any CPU.Build.0 = Debug|Any CPU
		{537D8EF5-CD2A-42D4-9145-976BC6ADD010}.Debug|x64.ActiveCfg = Debug|Any CPU
		{537D8EF5-CD2A-42D4-9145-976BC6ADD010}.Debug|x64.Build.0 = Debug|Any CPU
		{537D8EF5-CD2A-42D4-9145-976BC6ADD010}.Debug|x86.ActiveCfg = Debug|Any CPU
		{537D8EF5-CD2A-42D4-9145-976BC6ADD010}.Debug|x86.Build.0 = Debug|Any CPU
		{537D8EF5-CD2A-42D4-9145-976BC6ADD010}.Release|Any CPU.ActiveCfg = Release|Any CPU
		{537D8EF5-CD2A-42D4-9145-976BC6ADD010}.Release|Any CPU.Build.0 = Release|Any CPU
		{537D8EF5-CD2A-42D4-9145-976BC6ADD010}.Release|x64.ActiveCfg = Release|Any CPU
		{537D8EF5-CD2A-42D4-9145-976BC6ADD010}.Release|x64.Build.0 = Release|Any CPU
		{537D8EF5-CD2A-42D4-9145-976BC6ADD010}.Release|x86.ActiveCfg = Release|Any CPU
		{537D8EF5-CD2A-42D4-9145-976BC6ADD010}.Release|x86.Build.0 = Release|Any CPU
	EndGlobalSection
	GlobalSection(SolutionProperties) = preSolution
		HideSolutionNode = FALSE
	EndGlobalSection
	GlobalSection(NestedProjects) = preSolution
		{67F9DF8F-2E1D-4C2D-929B-141406FA32D5} = {BDD5A506-1081-46AE-9A41-6934E8AD9F58}
		{446A55F4-DDE3-4C63-ACAB-75663704ECAE} = {BDD5A506-1081-46AE-9A41-6934E8AD9F58}
		{652200E8-1F59-44A9-BED7-CBA3E1ED5DA2} = {BDD5A506-1081-46AE-9A41-6934E8AD9F58}
		{EB58EF2C-DFD7-4A73-B5A4-A5E4F2C6D296} = {BDD5A506-1081-46AE-9A41-6934E8AD9F58}
		{8752FD80-6B3A-46B7-90F3-2672F73ECF29} = {BDD5A506-1081-46AE-9A41-6934E8AD9F58}
		{5CB0197B-D482-42AB-9BB5-370D09F040BC} = {A00A0E1C-4E3E-4F1B-BBC3-A72EC7350F68}
		{C95F836D-A8B0-4925-9031-29E7E3C0C8F0} = {A00A0E1C-4E3E-4F1B-BBC3-A72EC7350F68}
		{B75E282A-7769-47C4-BF8B-30BCDE0771CE} = {A00A0E1C-4E3E-4F1B-BBC3-A72EC7350F68}
		{F0CB25F6-BA9A-4455-8EC6-4A0FB3772894} = {A8F6BC16-6255-4824-B76B-7F2B519265CD}
		{3F7EC456-61B8-47F2-BF0D-34B1F0262F0C} = {BDD5A506-1081-46AE-9A41-6934E8AD9F58}
		{537D8EF5-CD2A-42D4-9145-976BC6ADD010} = {047ED8CB-CDFE-4D6D-8507-AE24A1193D23}
	EndGlobalSection
	GlobalSection(ExtensibilityGlobals) = postSolution
		SolutionGuid = {E0B2BBEE-313D-403C-A69A-F17D269072F0}
	EndGlobalSection
EndGlobal
